{
  "name": "oaigpt",
  "version": "0.1.0",
  "lockfileVersion": 3,
  "requires": true,
  "packages": {
    "": {
      "name": "oaigpt",
      "version": "0.1.0",
      "license": "MIT",
      "bin": {
        "oaigpt": "dist/index.js"
      },
      "devDependencies": {
        "@tsconfig/node18": "^1.0.1",
        "typescript": "^5.0.3"
      }
    },
    "node_modules/@tsconfig/node18": {
      "version": "1.0.1",
      "resolved": "https://registry.npmjs.org/@tsconfig/node18/-/node18-1.0.1.tgz",
      "integrity": "sha512-sNFeK6X2ATlhlvzyH4kKYQlfHXE2f2/wxtB9ClvYXevWpmwkUT7VaSrjIN9E76Qebz8qP5JOJJ9jD3QoD/Z9TA==",
      "dev": true
    },
    "node_modules/typescript": {
      "version": "5.0.3",
      "resolved": "https://registry.npmjs.org/typescript/-/typescript-5.0.3.tgz",
      "integrity": "sha512-xv8mOEDnigb/tN9PSMTwSEqAnUvkoXMQlicOb0IUVDBSQCgBSaAAROUZYy2IcUy5qU6XajK5jjjO7TMWqBTKZA==",
      "dev": true,
      "bin": {
        "tsc": "bin/tsc",
        "tsserver": "bin/tsserver"
      },
      "engines": {
        "node": ">=12.20"
      }
    }
  }
}
